
Microsoft Visual Studio Solution File, Format Version 12.00
# Visual Studio Version 17
VisualStudioVersion = 17.0.31919.166
MinimumVisualStudioVersion = 10.0.40219.1
Project("{FAE04EC0-301F-11D3-BF4B-00C04F79EFBC}") = "lab3", "lab3.csproj", "{B79B58E3-9C44-41C0-92DF-7A6F954A7471}"
EndProject
Global
	GlobalSection(SolutionConfigurationPlatforms) = preSolution
		Debug|Any CPU = Debug|Any CPU
		Release|Any CPU = Release|Any CPU
	EndGlobalSection
	GlobalSection(ProjectConfigurationPlatforms) = postSolution
		{B79B58E3-9C44-41C0-92DF-7A6F954A7471}.Debug|Any CPU.ActiveCfg = Debug|Any CPU
		{B79B58E3-9C44-41C0-92DF-7A6F954A7471}.Debug|Any CPU.Build.0 = Debug|Any CPU
		{B79B58E3-9C44-41C0-92DF-7A6F954A7471}.Release|Any CPU.ActiveCfg = Release|Any CPU
		{B79B58E3-9C44-41C0-92DF-7A6F954A7471}.Release|Any CPU.Build.0 = Release|Any CPU
	EndGlobalSection
	GlobalSection(SolutionProperties) = preSolution
		HideSolutionNode = FALSE
	EndGlobalSection
	GlobalSection(ExtensibilityGlobals) = postSolution
		SolutionGuid = {F21D8AA4-D944-4AAF-9C3C-6670208F55C4}
	EndGlobalSection
EndGlobal
